
Microsoft Visual Studio Solution File, Format Version 12.00
# Visual Studio Version 17
VisualStudioVersion = 17.11.35327.3
MinimumVisualStudioVersion = 10.0.40219.1
Project("{FAE04EC0-301F-11D3-BF4B-00C04F79EFBC}") = "X_O", "X_O\X_O.csproj", "{CDA062A5-4169-4258-A25C-AA337590DB4B}"
EndProject
Global
	GlobalSection(SolutionConfigurationPlatforms) = preSolution
		Debug|Any CPU = Debug|Any CPU
		Release|Any CPU = Release|Any CPU
	EndGlobalSection
	GlobalSection(ProjectConfigurationPlatforms) = postSolution
		{CDA062A5-4169-4258-A25C-AA337590DB4B}.Debug|Any CPU.ActiveCfg = Debug|Any CPU
		{CDA062A5-4169-4258-A25C-AA337590DB4B}.Debug|Any CPU.Build.0 = Debug|Any CPU
		{CDA062A5-4169-4258-A25C-AA337590DB4B}.Release|Any CPU.ActiveCfg = Release|Any CPU
		{CDA062A5-4169-4258-A25C-AA337590DB4B}.Release|Any CPU.Build.0 = Release|Any CPU
	EndGlobalSection
	GlobalSection(SolutionProperties) = preSolution
		HideSolutionNode = FALSE
	EndGlobalSection
	GlobalSection(ExtensibilityGlobals) = postSolution
		SolutionGuid = {5377D855-ECA0-42EA-BC3D-CB9E005674DC}
	EndGlobalSection
EndGlobal
